
Microsoft Visual Studio Solution File, Format Version 12.00
# Visual Studio Version 17
VisualStudioVersion = 17.9.34622.214
MinimumVisualStudioVersion = 10.0.40219.1
Project("{FAE04EC0-301F-11D3-BF4B-00C04F79EFBC}") = "LogixCIS.Mobile.API", "LogixCIS.Mobile.API\LogixCIS.Mobile.API.csproj", "{F3A2CFF4-3BC7-48DD-B68B-AAE0F9E6B685}"
EndProject
Project("{FAE04EC0-301F-11D3-BF4B-00C04F79EFBC}") = "LogixCIS.Auth.API", "LogixCIS.Auth.API\LogixCIS.Auth.API.csproj", "{746CC5B9-E420-4576-8BAE-F9DA938C840C}"
EndProject
Global
	GlobalSection(SolutionConfigurationPlatforms) = preSolution
		Debug|Any CPU = Debug|Any CPU
		Release|Any CPU = Release|Any CPU
	EndGlobalSection
	GlobalSection(ProjectConfigurationPlatforms) = postSolution
		{F3A2CFF4-3BC7-48DD-B68B-AAE0F9E6B685}.Debug|Any CPU.ActiveCfg = Debug|Any CPU
		{F3A2CFF4-3BC7-48DD-B68B-AAE0F9E6B685}.Debug|Any CPU.Build.0 = Debug|Any CPU
		{F3A2CFF4-3BC7-48DD-B68B-AAE0F9E6B685}.Release|Any CPU.ActiveCfg = Release|Any CPU
		{F3A2CFF4-3BC7-48DD-B68B-AAE0F9E6B685}.Release|Any CPU.Build.0 = Release|Any CPU
		{746CC5B9-E420-4576-8BAE-F9DA938C840C}.Debug|Any CPU.ActiveCfg = Debug|Any CPU
		{746CC5B9-E420-4576-8BAE-F9DA938C840C}.Debug|Any CPU.Build.0 = Debug|Any CPU
		{746CC5B9-E420-4576-8BAE-F9DA938C840C}.Release|Any CPU.ActiveCfg = Release|Any CPU
		{746CC5B9-E420-4576-8BAE-F9DA938C840C}.Release|Any CPU.Build.0 = Release|Any CPU
	EndGlobalSection
	GlobalSection(SolutionProperties) = preSolution
		HideSolutionNode = FALSE
	EndGlobalSection
	GlobalSection(ExtensibilityGlobals) = postSolution
		SolutionGuid = {8ADA39DB-E3B9-4D64-8578-F43F133259F2}
	EndGlobalSection
EndGlobal
